
Microsoft Visual Studio Solution File, Format Version 12.00
# Visual Studio 15
VisualStudioVersion = 15.0.28307.421
MinimumVisualStudioVersion = 10.0.40219.1
Project("{F184B08F-C81C-45F6-A57F-5ABD9991F28F}") = "TeaseAI", "Tease AI\TeaseAI.vbproj", "{0471446B-925E-48F7-A6C4-8FDDD7AE2AA9}"
EndProject
Project("{9A19103F-16F7-4668-BE54-9A1E7A4F7556}") = "TeaseAI.Common", "Common\TeaseAI.Common.csproj", "{67F9D3A8-F71E-4428-913F-C37AE82CDB24}"
EndProject
Project("{9A19103F-16F7-4668-BE54-9A1E7A4F7556}") = "TeaseAI.Services", "TeaseAI.Services\TeaseAI.Services.csproj", "{CBC41B6D-1D5D-450A-A904-464944EB540A}"
EndProject
Project("{FAE04EC0-301F-11D3-BF4B-00C04F79EFBC}") = "TeaseAI.ServicesTests", "TeaseAI.ServicesTests\TeaseAI.ServicesTests.csproj", "{C8D51A85-ECE5-4351-AD21-A9AD6EC47300}"
EndProject
Global
	GlobalSection(SolutionConfigurationPlatforms) = preSolution
		Debug|Any CPU = Debug|Any CPU
		Debug|x86 = Debug|x86
		Release|Any CPU = Release|Any CPU
		Release|x86 = Release|x86
	EndGlobalSection
	GlobalSection(ProjectConfigurationPlatforms) = postSolution
		{0471446B-925E-48F7-A6C4-8FDDD7AE2AA9}.Debug|Any CPU.ActiveCfg = Debug|Any CPU
		{0471446B-925E-48F7-A6C4-8FDDD7AE2AA9}.Debug|Any CPU.Build.0 = Debug|Any CPU
		{0471446B-925E-48F7-A6C4-8FDDD7AE2AA9}.Debug|x86.ActiveCfg = Debug|x86
		{0471446B-925E-48F7-A6C4-8FDDD7AE2AA9}.Debug|x86.Build.0 = Debug|x86
		{0471446B-925E-48F7-A6C4-8FDDD7AE2AA9}.Release|Any CPU.ActiveCfg = Release|Any CPU
		{0471446B-925E-48F7-A6C4-8FDDD7AE2AA9}.Release|Any CPU.Build.0 = Release|Any CPU
		{0471446B-925E-48F7-A6C4-8FDDD7AE2AA9}.Release|x86.ActiveCfg = Release|x86
		{0471446B-925E-48F7-A6C4-8FDDD7AE2AA9}.Release|x86.Build.0 = Release|x86
		{67F9D3A8-F71E-4428-913F-C37AE82CDB24}.Debug|Any CPU.ActiveCfg = Debug|Any CPU
		{67F9D3A8-F71E-4428-913F-C37AE82CDB24}.Debug|Any CPU.Build.0 = Debug|Any CPU
		{67F9D3A8-F71E-4428-913F-C37AE82CDB24}.Debug|x86.ActiveCfg = Debug|Any CPU
		{67F9D3A8-F71E-4428-913F-C37AE82CDB24}.Debug|x86.Build.0 = Debug|Any CPU
		{67F9D3A8-F71E-4428-913F-C37AE82CDB24}.Release|Any CPU.ActiveCfg = Release|Any CPU
		{67F9D3A8-F71E-4428-913F-C37AE82CDB24}.Release|Any CPU.Build.0 = Release|Any CPU
		{67F9D3A8-F71E-4428-913F-C37AE82CDB24}.Release|x86.ActiveCfg = Release|Any CPU
		{67F9D3A8-F71E-4428-913F-C37AE82CDB24}.Release|x86.Build.0 = Release|Any CPU
		{CBC41B6D-1D5D-450A-A904-464944EB540A}.Debug|Any CPU.ActiveCfg = Debug|Any CPU
		{CBC41B6D-1D5D-450A-A904-464944EB540A}.Debug|Any CPU.Build.0 = Debug|Any CPU
		{CBC41B6D-1D5D-450A-A904-464944EB540A}.Debug|x86.ActiveCfg = Debug|Any CPU
		{CBC41B6D-1D5D-450A-A904-464944EB540A}.Debug|x86.Build.0 = Debug|Any CPU
		{CBC41B6D-1D5D-450A-A904-464944EB540A}.Release|Any CPU.ActiveCfg = Release|Any CPU
		{CBC41B6D-1D5D-450A-A904-464944EB540A}.Release|Any CPU.Build.0 = Release|Any CPU
		{CBC41B6D-1D5D-450A-A904-464944EB540A}.Release|x86.ActiveCfg = Release|Any CPU
		{CBC41B6D-1D5D-450A-A904-464944EB540A}.Release|x86.Build.0 = Release|Any CPU
		{C8D51A85-ECE5-4351-AD21-A9AD6EC47300}.Debug|Any CPU.ActiveCfg = Debug|Any CPU
		{C8D51A85-ECE5-4351-AD21-A9AD6EC47300}.Debug|Any CPU.Build.0 = Debug|Any CPU
		{C8D51A85-ECE5-4351-AD21-A9AD6EC47300}.Debug|x86.ActiveCfg = Debug|Any CPU
		{C8D51A85-ECE5-4351-AD21-A9AD6EC47300}.Debug|x86.Build.0 = Debug|Any CPU
		{C8D51A85-ECE5-4351-AD21-A9AD6EC47300}.Release|Any CPU.ActiveCfg = Release|Any CPU
		{C8D51A85-ECE5-4351-AD21-A9AD6EC47300}.Release|Any CPU.Build.0 = Release|Any CPU
		{C8D51A85-ECE5-4351-AD21-A9AD6EC47300}.Release|x86.ActiveCfg = Release|Any CPU
		{C8D51A85-ECE5-4351-AD21-A9AD6EC47300}.Release|x86.Build.0 = Release|Any CPU
	EndGlobalSection
	GlobalSection(SolutionProperties) = preSolution
		HideSolutionNode = FALSE
	EndGlobalSection
	GlobalSection(ExtensibilityGlobals) = postSolution
		SolutionGuid = {D53A3A7C-543D-405E-891E-7856062E5BBE}
	EndGlobalSection
EndGlobal
